{
  "pins" : [
    {
      "identity" : "combineexpectations",
      "kind" : "remoteSourceControl",
      "location" : "https://github.com/groue/CombineExpectations",
      "state" : {
        "branch" : "master",
        "revision" : "04d4e4b21c9e8361925f03f64a7ecda89ef9974f"
      }
    },
    {
      "identity" : "depends",
      "kind" : "remoteSourceControl",
      "location" : "https://github.com/unsignedapps/Depends",
      "state" : {
        "revision" : "3f8bf751b182e887c401c4dc7d7c62ae677ea106",
        "version" : "0.0.1"
      }
    },
    {
      "identity" : "test-collector-swift",
      "kind" : "remoteSourceControl",
      "location" : "https://github.com/buildkite/test-collector-swift",
      "state" : {
        "branch" : "main",
        "revision" : "6c8ddc264a5a9a38c559478f609608b548eb8a39"
      }
    }
  ],
  "version" : 2
}
