// !$*UTF8*$!
{
	archiveVersion = 1;
	classes = {
	};
	objectVersion = 52;
	objects = {

/* Begin PBXBuildFile section */
		1A07726D269E8D620096BBD6 /* PreferenceStoreProtocol.swift in Sources */ = {isa = PBXBuildFile; fileRef = 1A07726C269E8D620096BBD6 /* PreferenceStoreProtocol.swift */; };
		1A07726F269E8EA00096BBD6 /* PreferenceStore.swift in Sources */ = {isa = PBXBuildFile; fileRef = 1A07726E269E8EA00096BBD6 /* PreferenceStore.swift */; };
		1A077271269E8F850096BBD6 /* Constatnts.swift in Sources */ = {isa = PBXBuildFile; fileRef = 1A077270269E8F850096BBD6 /* Constatnts.swift */; };
		1A077276269EAFF00096BBD6 /* SettingsView.swift in Sources */ = {isa = PBXBuildFile; fileRef = 1A077275269EAFF00096BBD6 /* SettingsView.swift */; };
		1A077278269EB0030096BBD6 /* SettingsViewModel.swift in Sources */ = {isa = PBXBuildFile; fileRef = 1A077277269EB0030096BBD6 /* SettingsViewModel.swift */; };
		1A457645268EBB7700C9332A /* CountdownCircleView.swift in Sources */ = {isa = PBXBuildFile; fileRef = 1A457644268EBB7700C9332A /* CountdownCircleView.swift */; };
		1A457649268ECCA400C9332A /* NDButton.swift in Sources */ = {isa = PBXBuildFile; fileRef = 1A457648268ECCA400C9332A /* NDButton.swift */; };
		1A45764B268ECD7E00C9332A /* ShutterSpeed.swift in Sources */ = {isa = PBXBuildFile; fileRef = 1A45764A268ECD7E00C9332A /* ShutterSpeed.swift */; };
		1A45764D268ECD9300C9332A /* Filter.swift in Sources */ = {isa = PBXBuildFile; fileRef = 1A45764C268ECD9300C9332A /* Filter.swift */; };
		1A457655268EDAA300C9332A /* HomeViewModel.swift in Sources */ = {isa = PBXBuildFile; fileRef = 1A457654268EDAA300C9332A /* HomeViewModel.swift */; };
		1A457657268EDD0B00C9332A /* HomeView.swift in Sources */ = {isa = PBXBuildFile; fileRef = 1A457656268EDD0B00C9332A /* HomeView.swift */; };
		1A457659268F1C8200C9332A /* Date.swift in Sources */ = {isa = PBXBuildFile; fileRef = 1A457658268F1C8200C9332A /* Date.swift */; };
		1A45765B268F1CEA00C9332A /* NotificationController.swift in Sources */ = {isa = PBXBuildFile; fileRef = 1A45765A268F1CEA00C9332A /* NotificationController.swift */; };
		1A45765E268F30C600C9332A /* Vibration.swift in Sources */ = {isa = PBXBuildFile; fileRef = 1A45765D268F30C600C9332A /* Vibration.swift */; };
		1A5AB73726CB9F0E00E819A7 /* AppInformation.swift in Sources */ = {isa = PBXBuildFile; fileRef = 1A5AB73626CB9F0E00E819A7 /* AppInformation.swift */; };
		1A5AB73B26CBA05A00E819A7 /* ErrorAlert.swift in Sources */ = {isa = PBXBuildFile; fileRef = 1A5AB73A26CBA05A00E819A7 /* ErrorAlert.swift */; };
		1A649B0F26BCF2F80008ACF2 /* XCTestCombineAwait.swift in Sources */ = {isa = PBXBuildFile; fileRef = 1A649B0E26BCF2F80008ACF2 /* XCTestCombineAwait.swift */; };
		1A6A28DB26A9719300D53227 /* CountdownControllerTests.swift in Sources */ = {isa = PBXBuildFile; fileRef = 1A6A28DA26A9719300D53227 /* CountdownControllerTests.swift */; };
		1A6A28DE26A971DC00D53227 /* MockNotificationController.swift in Sources */ = {isa = PBXBuildFile; fileRef = 1A6A28DD26A971DC00D53227 /* MockNotificationController.swift */; };
		1A6A28E026AA382900D53227 /* NotificationControllerTests.swift in Sources */ = {isa = PBXBuildFile; fileRef = 1A6A28DF26AA382900D53227 /* NotificationControllerTests.swift */; };
		1A6A28E226AA402200D53227 /* UserNotificationCenter.swift in Sources */ = {isa = PBXBuildFile; fileRef = 1A6A28E126AA402200D53227 /* UserNotificationCenter.swift */; };
		1A6A28E426AA418D00D53227 /* MockUserNotificationCentre.swift in Sources */ = {isa = PBXBuildFile; fileRef = 1A6A28E326AA418D00D53227 /* MockUserNotificationCentre.swift */; };
		1A6A28E626AA547100D53227 /* CountdownTests.swift in Sources */ = {isa = PBXBuildFile; fileRef = 1A6A28E526AA547100D53227 /* CountdownTests.swift */; };
		1A6A28E926AA560B00D53227 /* XCTestErrorAssert.swift in Sources */ = {isa = PBXBuildFile; fileRef = 1A6A28E726AA55D600D53227 /* XCTestErrorAssert.swift */; };
		1A6A28EB26AA594700D53227 /* ShutterSpeedTests.swift in Sources */ = {isa = PBXBuildFile; fileRef = 1A6A28EA26AA594700D53227 /* ShutterSpeedTests.swift */; };
		1A6B877F26187C9400F67DE5 /* NDCalcApp.swift in Sources */ = {isa = PBXBuildFile; fileRef = 1A6B877E26187C9400F67DE5 /* NDCalcApp.swift */; };
		1A6B878326187C9500F67DE5 /* Assets.xcassets in Resources */ = {isa = PBXBuildFile; fileRef = 1A6B878226187C9500F67DE5 /* Assets.xcassets */; };
		1A6B878626187C9500F67DE5 /* Preview Assets.xcassets in Resources */ = {isa = PBXBuildFile; fileRef = 1A6B878526187C9500F67DE5 /* Preview Assets.xcassets */; };
		1A6B879126187C9500F67DE5 /* NDCalcTests.swift in Sources */ = {isa = PBXBuildFile; fileRef = 1A6B879026187C9500F67DE5 /* NDCalcTests.swift */; };
		1A9E0DF126A52291002A1ED4 /* CountdownControllerProtocol.swift in Sources */ = {isa = PBXBuildFile; fileRef = 1A9E0DF026A52291002A1ED4 /* CountdownControllerProtocol.swift */; };
		1A9E0DF326A52307002A1ED4 /* Countdown.swift in Sources */ = {isa = PBXBuildFile; fileRef = 1A9E0DF226A52307002A1ED4 /* Countdown.swift */; };
		1A9E0DF526A524AA002A1ED4 /* CountdownController.swift in Sources */ = {isa = PBXBuildFile; fileRef = 1A9E0DF426A524AA002A1ED4 /* CountdownController.swift */; };
		1A9E0DF726A524FC002A1ED4 /* NotificationControllerProtocol.swift in Sources */ = {isa = PBXBuildFile; fileRef = 1A9E0DF626A524FC002A1ED4 /* NotificationControllerProtocol.swift */; };
		1A9E0DFB26A58B54002A1ED4 /* BundleItems.swift in Sources */ = {isa = PBXBuildFile; fileRef = 1A9E0DFA26A58B54002A1ED4 /* BundleItems.swift */; };
		1AC7D3A726FC300900AF451E /* NDPicker.swift in Sources */ = {isa = PBXBuildFile; fileRef = 1AC7D3A626FC300900AF451E /* NDPicker.swift */; };
		1AD7CF5B261C402E00F6C33A /* shutterSpeeds.json in Resources */ = {isa = PBXBuildFile; fileRef = 1AD7CF5A261C402E00F6C33A /* shutterSpeeds.json */; };
		1AD7CF5D261C429A00F6C33A /* Bundle-Decodable.swift in Sources */ = {isa = PBXBuildFile; fileRef = 1AD7CF5C261C429A00F6C33A /* Bundle-Decodable.swift */; };
		1AE8A170271501B100F0CC1C /* ShutterSpeedPicker.swift in Sources */ = {isa = PBXBuildFile; fileRef = 1AE8A16E271501B100F0CC1C /* ShutterSpeedPicker.swift */; };
		1AE8A171271501B100F0CC1C /* FilterPicker.swift in Sources */ = {isa = PBXBuildFile; fileRef = 1AE8A16F271501B100F0CC1C /* FilterPicker.swift */; };
		1AE8A173271501CB00F0CC1C /* PickerHeading.swift in Sources */ = {isa = PBXBuildFile; fileRef = 1AE8A172271501CB00F0CC1C /* PickerHeading.swift */; };
		1AFC055926A14E3B0037B9B1 /* About.swift in Sources */ = {isa = PBXBuildFile; fileRef = 1AFC055826A14E3B0037B9B1 /* About.swift */; };
		1AFC055B26A153130037B9B1 /* Explainer.swift in Sources */ = {isa = PBXBuildFile; fileRef = 1AFC055A26A153130037B9B1 /* Explainer.swift */; };
		1AFC055E26A155F90037B9B1 /* ExplainerViewModel.swift in Sources */ = {isa = PBXBuildFile; fileRef = 1AFC055D26A155F90037B9B1 /* ExplainerViewModel.swift */; };
		1AFE701A26B3CEF200E74618 /* UserDefaultWrapper.swift in Sources */ = {isa = PBXBuildFile; fileRef = 1AFE701926B3CEF200E74618 /* UserDefaultWrapper.swift */; };
		1AFE701C26B3D02100E74618 /* AnyOptionalProtocol.swift in Sources */ = {isa = PBXBuildFile; fileRef = 1AFE701B26B3D02100E74618 /* AnyOptionalProtocol.swift */; };
		2510CAFD2873EE9500F6D8ED /* Depends in Frameworks */ = {isa = PBXBuildFile; productRef = 2510CAFC2873EE9500F6D8ED /* Depends */; };
		2510CAFF2873EE9500F6D8ED /* TestDepends-auto in Frameworks */ = {isa = PBXBuildFile; productRef = 2510CAFE2873EE9500F6D8ED /* TestDepends-auto */; };
		2510CB1C2873FBAC00F6D8ED /* BuildkiteTestCollector in Frameworks */ = {isa = PBXBuildFile; productRef = 2510CB1B2873FBAC00F6D8ED /* BuildkiteTestCollector */; };
		2531BA942876B9CB00CAA9C8 /* environment.plist in Resources */ = {isa = PBXBuildFile; fileRef = 2531BA932876B9CB00CAA9C8 /* environment.plist */; };
		7A03334F2813D53D008DCA01 /* CombineExpectations in Frameworks */ = {isa = PBXBuildFile; productRef = 7A03334E2813D53D008DCA01 /* CombineExpectations */; };
		7A28EBDB2802D600002DBB1D /* CountdownCircleViewModel.swift in Sources */ = {isa = PBXBuildFile; fileRef = 7A28EBDA2802D600002DBB1D /* CountdownCircleViewModel.swift */; };
		7A750C8B2836563E0050B850 /* OnboardingViewModelTests.swift in Sources */ = {isa = PBXBuildFile; fileRef = 7A750C8A2836563E0050B850 /* OnboardingViewModelTests.swift */; };
		7AAEBDE8284A0FAD002E08CD /* HomeViewModelTests.swift in Sources */ = {isa = PBXBuildFile; fileRef = 7AAEBDE7284A0FAD002E08CD /* HomeViewModelTests.swift */; };
		7AB47DB8282F52420033B727 /* ApplicationStateStoreProtocol.swift in Sources */ = {isa = PBXBuildFile; fileRef = 7AB47DB7282F52420033B727 /* ApplicationStateStoreProtocol.swift */; };
		7AB47DBA282F53D90033B727 /* ApplicationStateStore.swift in Sources */ = {isa = PBXBuildFile; fileRef = 7AB47DB9282F53D90033B727 /* ApplicationStateStore.swift */; };
		7AB6842A282FD18000C97AFC /* OnboardingView.swift in Sources */ = {isa = PBXBuildFile; fileRef = 7AB68429282FD18000C97AFC /* OnboardingView.swift */; };
		7AB6842C282FD30D00C97AFC /* OnboardingViewModel.swift in Sources */ = {isa = PBXBuildFile; fileRef = 7AB6842B282FD30D00C97AFC /* OnboardingViewModel.swift */; };
/* End PBXBuildFile section */

/* Begin PBXContainerItemProxy section */
		1A6B878D26187C9500F67DE5 /* PBXContainerItemProxy */ = {
			isa = PBXContainerItemProxy;
			containerPortal = 1A6B877326187C9400F67DE5 /* Project object */;
			proxyType = 1;
			remoteGlobalIDString = 1A6B877A26187C9400F67DE5;
			remoteInfo = NDCalc;
		};
/* End PBXContainerItemProxy section */

/* Begin PBXCopyFilesBuildPhase section */
		7A0333522813D542008DCA01 /* Embed Frameworks */ = {
			isa = PBXCopyFilesBuildPhase;
			buildActionMask = 2147483647;
			dstPath = "";
			dstSubfolderSpec = 10;
			files = (
			);
			name = "Embed Frameworks";
			runOnlyForDeploymentPostprocessing = 0;
		};
		7AB68427282FC58800C97AFC /* Embed Frameworks */ = {
			isa = PBXCopyFilesBuildPhase;
			buildActionMask = 2147483647;
			dstPath = "";
			dstSubfolderSpec = 10;
			files = (
			);
			name = "Embed Frameworks";
			runOnlyForDeploymentPostprocessing = 0;
		};
/* End PBXCopyFilesBuildPhase section */

/* Begin PBXFileReference section */
		1A07726C269E8D620096BBD6 /* PreferenceStoreProtocol.swift */ = {isa = PBXFileReference; lastKnownFileType = sourcecode.swift; path = PreferenceStoreProtocol.swift; sourceTree = "<group>"; };
		1A07726E269E8EA00096BBD6 /* PreferenceStore.swift */ = {isa = PBXFileReference; lastKnownFileType = sourcecode.swift; path = PreferenceStore.swift; sourceTree = "<group>"; };
		1A077270269E8F850096BBD6 /* Constatnts.swift */ = {isa = PBXFileReference; lastKnownFileType = sourcecode.swift; path = Constatnts.swift; sourceTree = "<group>"; };
		1A077275269EAFF00096BBD6 /* SettingsView.swift */ = {isa = PBXFileReference; lastKnownFileType = sourcecode.swift; path = SettingsView.swift; sourceTree = "<group>"; };
		1A077277269EB0030096BBD6 /* SettingsViewModel.swift */ = {isa = PBXFileReference; lastKnownFileType = sourcecode.swift; path = SettingsViewModel.swift; sourceTree = "<group>"; };
		1A457644268EBB7700C9332A /* CountdownCircleView.swift */ = {isa = PBXFileReference; lastKnownFileType = sourcecode.swift; path = CountdownCircleView.swift; sourceTree = "<group>"; };
		1A457648268ECCA400C9332A /* NDButton.swift */ = {isa = PBXFileReference; lastKnownFileType = sourcecode.swift; path = NDButton.swift; sourceTree = "<group>"; };
		1A45764A268ECD7E00C9332A /* ShutterSpeed.swift */ = {isa = PBXFileReference; lastKnownFileType = sourcecode.swift; path = ShutterSpeed.swift; sourceTree = "<group>"; };
		1A45764C268ECD9300C9332A /* Filter.swift */ = {isa = PBXFileReference; lastKnownFileType = sourcecode.swift; path = Filter.swift; sourceTree = "<group>"; };
		1A457654268EDAA300C9332A /* HomeViewModel.swift */ = {isa = PBXFileReference; lastKnownFileType = sourcecode.swift; path = HomeViewModel.swift; sourceTree = "<group>"; };
		1A457656268EDD0B00C9332A /* HomeView.swift */ = {isa = PBXFileReference; lastKnownFileType = sourcecode.swift; path = HomeView.swift; sourceTree = "<group>"; };
		1A457658268F1C8200C9332A /* Date.swift */ = {isa = PBXFileReference; lastKnownFileType = sourcecode.swift; path = Date.swift; sourceTree = "<group>"; };
		1A45765A268F1CEA00C9332A /* NotificationController.swift */ = {isa = PBXFileReference; lastKnownFileType = sourcecode.swift; path = NotificationController.swift; sourceTree = "<group>"; };
		1A45765D268F30C600C9332A /* Vibration.swift */ = {isa = PBXFileReference; lastKnownFileType = sourcecode.swift; path = Vibration.swift; sourceTree = "<group>"; };
		1A5AB73626CB9F0E00E819A7 /* AppInformation.swift */ = {isa = PBXFileReference; fileEncoding = 4; lastKnownFileType = sourcecode.swift; path = AppInformation.swift; sourceTree = "<group>"; };
		1A5AB73A26CBA05A00E819A7 /* ErrorAlert.swift */ = {isa = PBXFileReference; fileEncoding = 4; lastKnownFileType = sourcecode.swift; path = ErrorAlert.swift; sourceTree = "<group>"; };
		1A649B0E26BCF2F80008ACF2 /* XCTestCombineAwait.swift */ = {isa = PBXFileReference; lastKnownFileType = sourcecode.swift; path = XCTestCombineAwait.swift; sourceTree = "<group>"; };
		1A6A28DA26A9719300D53227 /* CountdownControllerTests.swift */ = {isa = PBXFileReference; lastKnownFileType = sourcecode.swift; path = CountdownControllerTests.swift; sourceTree = "<group>"; };
		1A6A28DD26A971DC00D53227 /* MockNotificationController.swift */ = {isa = PBXFileReference; lastKnownFileType = sourcecode.swift; path = MockNotificationController.swift; sourceTree = "<group>"; };
		1A6A28DF26AA382900D53227 /* NotificationControllerTests.swift */ = {isa = PBXFileReference; lastKnownFileType = sourcecode.swift; path = NotificationControllerTests.swift; sourceTree = "<group>"; };
		1A6A28E126AA402200D53227 /* UserNotificationCenter.swift */ = {isa = PBXFileReference; lastKnownFileType = sourcecode.swift; path = UserNotificationCenter.swift; sourceTree = "<group>"; };
		1A6A28E326AA418D00D53227 /* MockUserNotificationCentre.swift */ = {isa = PBXFileReference; lastKnownFileType = sourcecode.swift; path = MockUserNotificationCentre.swift; sourceTree = "<group>"; };
		1A6A28E526AA547100D53227 /* CountdownTests.swift */ = {isa = PBXFileReference; lastKnownFileType = sourcecode.swift; path = CountdownTests.swift; sourceTree = "<group>"; };
		1A6A28E726AA55D600D53227 /* XCTestErrorAssert.swift */ = {isa = PBXFileReference; lastKnownFileType = sourcecode.swift; path = XCTestErrorAssert.swift; sourceTree = "<group>"; };
		1A6A28EA26AA594700D53227 /* ShutterSpeedTests.swift */ = {isa = PBXFileReference; lastKnownFileType = sourcecode.swift; path = ShutterSpeedTests.swift; sourceTree = "<group>"; };
		1A6B877B26187C9400F67DE5 /* NDCalc.app */ = {isa = PBXFileReference; explicitFileType = wrapper.application; includeInIndex = 0; path = NDCalc.app; sourceTree = BUILT_PRODUCTS_DIR; };
		1A6B877E26187C9400F67DE5 /* NDCalcApp.swift */ = {isa = PBXFileReference; lastKnownFileType = sourcecode.swift; path = NDCalcApp.swift; sourceTree = "<group>"; };
		1A6B878226187C9500F67DE5 /* Assets.xcassets */ = {isa = PBXFileReference; lastKnownFileType = folder.assetcatalog; path = Assets.xcassets; sourceTree = "<group>"; };
		1A6B878526187C9500F67DE5 /* Preview Assets.xcassets */ = {isa = PBXFileReference; lastKnownFileType = folder.assetcatalog; path = "Preview Assets.xcassets"; sourceTree = "<group>"; };
		1A6B878726187C9500F67DE5 /* Info.plist */ = {isa = PBXFileReference; lastKnownFileType = text.plist.xml; path = Info.plist; sourceTree = "<group>"; };
		1A6B878C26187C9500F67DE5 /* NDCalcTests.xctest */ = {isa = PBXFileReference; explicitFileType = wrapper.cfbundle; includeInIndex = 0; path = NDCalcTests.xctest; sourceTree = BUILT_PRODUCTS_DIR; };
		1A6B879026187C9500F67DE5 /* NDCalcTests.swift */ = {isa = PBXFileReference; lastKnownFileType = sourcecode.swift; path = NDCalcTests.swift; sourceTree = "<group>"; };
		1A6B879226187C9500F67DE5 /* Info.plist */ = {isa = PBXFileReference; lastKnownFileType = text.plist.xml; path = Info.plist; sourceTree = "<group>"; };
		1A6B879B26187C9500F67DE5 /* NDCalcUITests.swift */ = {isa = PBXFileReference; lastKnownFileType = sourcecode.swift; path = NDCalcUITests.swift; sourceTree = "<group>"; };
		1A6B879D26187C9500F67DE5 /* Info.plist */ = {isa = PBXFileReference; lastKnownFileType = text.plist.xml; path = Info.plist; sourceTree = "<group>"; };
		1A9E0DF026A52291002A1ED4 /* CountdownControllerProtocol.swift */ = {isa = PBXFileReference; lastKnownFileType = sourcecode.swift; path = CountdownControllerProtocol.swift; sourceTree = "<group>"; };
		1A9E0DF226A52307002A1ED4 /* Countdown.swift */ = {isa = PBXFileReference; lastKnownFileType = sourcecode.swift; path = Countdown.swift; sourceTree = "<group>"; };
		1A9E0DF426A524AA002A1ED4 /* CountdownController.swift */ = {isa = PBXFileReference; lastKnownFileType = sourcecode.swift; path = CountdownController.swift; sourceTree = "<group>"; };
		1A9E0DF626A524FC002A1ED4 /* NotificationControllerProtocol.swift */ = {isa = PBXFileReference; lastKnownFileType = sourcecode.swift; path = NotificationControllerProtocol.swift; sourceTree = "<group>"; };
		1A9E0DFA26A58B54002A1ED4 /* BundleItems.swift */ = {isa = PBXFileReference; lastKnownFileType = sourcecode.swift; path = BundleItems.swift; sourceTree = "<group>"; };
		1AC7D3A626FC300900AF451E /* NDPicker.swift */ = {isa = PBXFileReference; lastKnownFileType = sourcecode.swift; path = NDPicker.swift; sourceTree = "<group>"; };
		1AD7CF5A261C402E00F6C33A /* shutterSpeeds.json */ = {isa = PBXFileReference; fileEncoding = 4; lastKnownFileType = text.json; path = shutterSpeeds.json; sourceTree = "<group>"; };
		1AD7CF5C261C429A00F6C33A /* Bundle-Decodable.swift */ = {isa = PBXFileReference; fileEncoding = 4; lastKnownFileType = sourcecode.swift; path = "Bundle-Decodable.swift"; sourceTree = "<group>"; };
		1AE8A16E271501B100F0CC1C /* ShutterSpeedPicker.swift */ = {isa = PBXFileReference; fileEncoding = 4; lastKnownFileType = sourcecode.swift; path = ShutterSpeedPicker.swift; sourceTree = "<group>"; };
		1AE8A16F271501B100F0CC1C /* FilterPicker.swift */ = {isa = PBXFileReference; fileEncoding = 4; lastKnownFileType = sourcecode.swift; path = FilterPicker.swift; sourceTree = "<group>"; };
		1AE8A172271501CB00F0CC1C /* PickerHeading.swift */ = {isa = PBXFileReference; fileEncoding = 4; lastKnownFileType = sourcecode.swift; path = PickerHeading.swift; sourceTree = "<group>"; };
		1AFC055826A14E3B0037B9B1 /* About.swift */ = {isa = PBXFileReference; lastKnownFileType = sourcecode.swift; path = About.swift; sourceTree = "<group>"; };
		1AFC055A26A153130037B9B1 /* Explainer.swift */ = {isa = PBXFileReference; lastKnownFileType = sourcecode.swift; path = Explainer.swift; sourceTree = "<group>"; };
		1AFC055D26A155F90037B9B1 /* ExplainerViewModel.swift */ = {isa = PBXFileReference; lastKnownFileType = sourcecode.swift; path = ExplainerViewModel.swift; sourceTree = "<group>"; };
		1AFE701926B3CEF200E74618 /* UserDefaultWrapper.swift */ = {isa = PBXFileReference; lastKnownFileType = sourcecode.swift; path = UserDefaultWrapper.swift; sourceTree = "<group>"; };
		1AFE701B26B3D02100E74618 /* AnyOptionalProtocol.swift */ = {isa = PBXFileReference; lastKnownFileType = sourcecode.swift; path = AnyOptionalProtocol.swift; sourceTree = "<group>"; };
		2510CB0F2873EF5800F6D8ED /* NDCalcUITests copy-Info.plist */ = {isa = PBXFileReference; lastKnownFileType = text.plist.xml; name = "NDCalcUITests copy-Info.plist"; path = "/Users/ibajames/Desktop/NDCalc/NDCalcUITests copy-Info.plist"; sourceTree = "<absolute>"; };
		25690A65287BBD5800D0F037 /* NDCalc.xctestplan */ = {isa = PBXFileReference; lastKnownFileType = text; path = NDCalc.xctestplan; sourceTree = "<group>"; };
		7A28EBDA2802D600002DBB1D /* CountdownCircleViewModel.swift */ = {isa = PBXFileReference; lastKnownFileType = sourcecode.swift; path = CountdownCircleViewModel.swift; sourceTree = "<group>"; };
		7A750C8A2836563E0050B850 /* OnboardingViewModelTests.swift */ = {isa = PBXFileReference; lastKnownFileType = sourcecode.swift; path = OnboardingViewModelTests.swift; sourceTree = "<group>"; };
		7A750C94283679140050B850 /* Depends */ = {isa = PBXFileReference; lastKnownFileType = wrapper; name = Depends; path = ../Depends; sourceTree = "<group>"; };
		7AAEBDE7284A0FAD002E08CD /* HomeViewModelTests.swift */ = {isa = PBXFileReference; lastKnownFileType = sourcecode.swift; path = HomeViewModelTests.swift; sourceTree = "<group>"; };
		7AB47DB7282F52420033B727 /* ApplicationStateStoreProtocol.swift */ = {isa = PBXFileReference; lastKnownFileType = sourcecode.swift; path = ApplicationStateStoreProtocol.swift; sourceTree = "<group>"; };
		7AB47DB9282F53D90033B727 /* ApplicationStateStore.swift */ = {isa = PBXFileReference; lastKnownFileType = sourcecode.swift; path = ApplicationStateStore.swift; sourceTree = "<group>"; };
		7AB68429282FD18000C97AFC /* OnboardingView.swift */ = {isa = PBXFileReference; lastKnownFileType = sourcecode.swift; path = OnboardingView.swift; sourceTree = "<group>"; };
		7AB6842B282FD30D00C97AFC /* OnboardingViewModel.swift */ = {isa = PBXFileReference; lastKnownFileType = sourcecode.swift; path = OnboardingViewModel.swift; sourceTree = "<group>"; };
/* End PBXFileReference section */

/* Begin PBXFrameworksBuildPhase section */
		1A6B877826187C9400F67DE5 /* Frameworks */ = {
			isa = PBXFrameworksBuildPhase;
			buildActionMask = 2147483647;
			files = (
				2510CAFD2873EE9500F6D8ED /* Depends in Frameworks */,
			);
			runOnlyForDeploymentPostprocessing = 0;
		};
		1A6B878926187C9500F67DE5 /* Frameworks */ = {
			isa = PBXFrameworksBuildPhase;
			buildActionMask = 2147483647;
			files = (
				2510CB1C2873FBAC00F6D8ED /* BuildkiteTestCollector in Frameworks */,
				2510CAFF2873EE9500F6D8ED /* TestDepends-auto in Frameworks */,
				7A03334F2813D53D008DCA01 /* CombineExpectations in Frameworks */,
			);
			runOnlyForDeploymentPostprocessing = 0;
		};
/* End PBXFrameworksBuildPhase section */

/* Begin PBXGroup section */
		1A077269269E8D2B0096BBD6 /* Controller */ = {
			isa = PBXGroup;
			children = (
				7AB47DB6282F522A0033B727 /* ApplicationStateStore */,
				1A9E0DEF26A52246002A1ED4 /* Countdown */,
				1A07726B269E8D4B0096BBD6 /* Preferances */,
				1A07726A269E8D3F0096BBD6 /* Notification */,
			);
			path = Controller;
			sourceTree = "<group>";
		};
		1A07726A269E8D3F0096BBD6 /* Notification */ = {
			isa = PBXGroup;
			children = (
				1A45765A268F1CEA00C9332A /* NotificationController.swift */,
				1A9E0DF626A524FC002A1ED4 /* NotificationControllerProtocol.swift */,
				1A6A28E126AA402200D53227 /* UserNotificationCenter.swift */,
			);
			path = Notification;
			sourceTree = "<group>";
		};
		1A07726B269E8D4B0096BBD6 /* Preferances */ = {
			isa = PBXGroup;
			children = (
				1A07726C269E8D620096BBD6 /* PreferenceStoreProtocol.swift */,
				1A07726E269E8EA00096BBD6 /* PreferenceStore.swift */,
			);
			path = Preferances;
			sourceTree = "<group>";
		};
		1A077274269EAFDF0096BBD6 /* Settings */ = {
			isa = PBXGroup;
			children = (
				1AFC055C26A155E40037B9B1 /* Explainer */,
				1A077275269EAFF00096BBD6 /* SettingsView.swift */,
				1A077277269EB0030096BBD6 /* SettingsViewModel.swift */,
			);
			path = Settings;
			sourceTree = "<group>";
		};
		1A45764E268ECDC200C9332A /* Model */ = {
			isa = PBXGroup;
			children = (
				1A45764C268ECD9300C9332A /* Filter.swift */,
				1A45764A268ECD7E00C9332A /* ShutterSpeed.swift */,
				1AD7CF5A261C402E00F6C33A /* shutterSpeeds.json */,
				1A077270269E8F850096BBD6 /* Constatnts.swift */,
				1A9E0DF226A52307002A1ED4 /* Countdown.swift */,
				1A9E0DFA26A58B54002A1ED4 /* BundleItems.swift */,
			);
			path = Model;
			sourceTree = "<group>";
		};
		1A45764F268ECDCD00C9332A /* View */ = {
			isa = PBXGroup;
			children = (
				1AAD4E6A26AE82180037F3A0 /* Pickers */,
				1AAD4E6F26AE85650037F3A0 /* Buttons */,
			);
			path = View;
			sourceTree = "<group>";
		};
		1A457650268ECDDF00C9332A /* Extensions */ = {
			isa = PBXGroup;
			children = (
				1AD7CF5C261C429A00F6C33A /* Bundle-Decodable.swift */,
				1A457658268F1C8200C9332A /* Date.swift */,
			);
			path = Extensions;
			sourceTree = "<group>";
		};
		1A457653268EDA9400C9332A /* Home */ = {
			isa = PBXGroup;
			children = (
				1A457654268EDAA300C9332A /* HomeViewModel.swift */,
				1A457656268EDD0B00C9332A /* HomeView.swift */,
				1A457644268EBB7700C9332A /* CountdownCircleView.swift */,
				7A28EBDA2802D600002DBB1D /* CountdownCircleViewModel.swift */,
			);
			path = Home;
			sourceTree = "<group>";
		};
		1A45765C268F30B000C9332A /* Utility */ = {
			isa = PBXGroup;
			children = (
				1A45765D268F30C600C9332A /* Vibration.swift */,
				1A5AB73A26CBA05A00E819A7 /* ErrorAlert.swift */,
				1AFE701926B3CEF200E74618 /* UserDefaultWrapper.swift */,
				1AFE701B26B3D02100E74618 /* AnyOptionalProtocol.swift */,
				1A5AB73626CB9F0E00E819A7 /* AppInformation.swift */,
			);
			path = Utility;
			sourceTree = "<group>";
		};
		1A649B1026BCF31A0008ACF2 /* Extensions */ = {
			isa = PBXGroup;
			children = (
				1A6A28E726AA55D600D53227 /* XCTestErrorAssert.swift */,
				1A649B0E26BCF2F80008ACF2 /* XCTestCombineAwait.swift */,
			);
			path = Extensions;
			sourceTree = "<group>";
		};
		1A6A28DC26A971CD00D53227 /* Mocks */ = {
			isa = PBXGroup;
			children = (
				1A6A28DD26A971DC00D53227 /* MockNotificationController.swift */,
				1A6A28E326AA418D00D53227 /* MockUserNotificationCentre.swift */,
			);
			path = Mocks;
			sourceTree = "<group>";
		};
		1A6B877226187C9400F67DE5 = {
			isa = PBXGroup;
			children = (
				258BC636287418FB00CCFBE2 /* NDCalc.xctestplan */,
				7A750C93283679140050B850 /* Packages */,
				1A6B877D26187C9400F67DE5 /* NDCalc */,
				1A6B878F26187C9500F67DE5 /* NDCalcTests */,
				1A6B879A26187C9500F67DE5 /* NDCalcUITests */,
				1A6B877C26187C9400F67DE5 /* Products */,
				7A03334D2813D53D008DCA01 /* Frameworks */,
				2510CB0F2873EF5800F6D8ED /* NDCalcUITests copy-Info.plist */,
			);
			sourceTree = "<group>";
		};
		1A6B877C26187C9400F67DE5 /* Products */ = {
			isa = PBXGroup;
			children = (
				1A6B877B26187C9400F67DE5 /* NDCalc.app */,
				1A6B878C26187C9500F67DE5 /* NDCalcTests.xctest */,
			);
			name = Products;
			sourceTree = "<group>";
		};
		1A6B877D26187C9400F67DE5 /* NDCalc */ = {
			isa = PBXGroup;
			children = (
				1A6B877E26187C9400F67DE5 /* NDCalcApp.swift */,
				1AAD4E6D26AE85260037F3A0 /* Screens */,
				1A457650268ECDDF00C9332A /* Extensions */,
				1A45764F268ECDCD00C9332A /* View */,
				1A45764E268ECDC200C9332A /* Model */,
				1A45765C268F30B000C9332A /* Utility */,
				1A077269269E8D2B0096BBD6 /* Controller */,
				1A6B878226187C9500F67DE5 /* Assets.xcassets */,
				1A6B878726187C9500F67DE5 /* Info.plist */,
				1A6B878426187C9500F67DE5 /* Preview Content */,
			);
			path = NDCalc;
			sourceTree = "<group>";
		};
		1A6B878426187C9500F67DE5 /* Preview Content */ = {
			isa = PBXGroup;
			children = (
				1A6B878526187C9500F67DE5 /* Preview Assets.xcassets */,
			);
			path = "Preview Content";
			sourceTree = "<group>";
		};
		1A6B878F26187C9500F67DE5 /* NDCalcTests */ = {
			isa = PBXGroup;
			children = (
				1A6B879026187C9500F67DE5 /* NDCalcTests.swift */,
				1A649B1026BCF31A0008ACF2 /* Extensions */,
				1A6A28DC26A971CD00D53227 /* Mocks */,
				1A6B879226187C9500F67DE5 /* Info.plist */,
				25690A65287BBD5800D0F037 /* NDCalc.xctestplan */,
				1A6A28DA26A9719300D53227 /* CountdownControllerTests.swift */,
				1A6A28DF26AA382900D53227 /* NotificationControllerTests.swift */,
				1A6A28E526AA547100D53227 /* CountdownTests.swift */,
				1A6A28EA26AA594700D53227 /* ShutterSpeedTests.swift */,
				7A750C8A2836563E0050B850 /* OnboardingViewModelTests.swift */,
				7AAEBDE7284A0FAD002E08CD /* HomeViewModelTests.swift */,
			);
			path = NDCalcTests;
			sourceTree = "<group>";
		};
		1A6B879A26187C9500F67DE5 /* NDCalcUITests */ = {
			isa = PBXGroup;
			children = (
				1A6B879B26187C9500F67DE5 /* NDCalcUITests.swift */,
				1A6B879D26187C9500F67DE5 /* Info.plist */,
			);
			path = NDCalcUITests;
			sourceTree = "<group>";
		};
		1A9E0DEF26A52246002A1ED4 /* Countdown */ = {
			isa = PBXGroup;
			children = (
				1A9E0DF026A52291002A1ED4 /* CountdownControllerProtocol.swift */,
				1A9E0DF426A524AA002A1ED4 /* CountdownController.swift */,
			);
			path = Countdown;
			sourceTree = "<group>";
		};
		1AAD4E6A26AE82180037F3A0 /* Pickers */ = {
			isa = PBXGroup;
			children = (
				1AE8A172271501CB00F0CC1C /* PickerHeading.swift */,
				1AE8A16F271501B100F0CC1C /* FilterPicker.swift */,
				1AE8A16E271501B100F0CC1C /* ShutterSpeedPicker.swift */,
				1AC7D3A626FC300900AF451E /* NDPicker.swift */,
			);
			path = Pickers;
			sourceTree = "<group>";
		};
		1AAD4E6D26AE85260037F3A0 /* Screens */ = {
			isa = PBXGroup;
			children = (
				7AB68428282FD17500C97AFC /* Onboarding */,
				1AAD4E6E26AE85480037F3A0 /* About */,
				1A077274269EAFDF0096BBD6 /* Settings */,
				1A457653268EDA9400C9332A /* Home */,
			);
			path = Screens;
			sourceTree = "<group>";
		};
		1AAD4E6E26AE85480037F3A0 /* About */ = {
			isa = PBXGroup;
			children = (
				1AFC055826A14E3B0037B9B1 /* About.swift */,
			);
			path = About;
			sourceTree = "<group>";
		};
		1AAD4E6F26AE85650037F3A0 /* Buttons */ = {
			isa = PBXGroup;
			children = (
				1A457648268ECCA400C9332A /* NDButton.swift */,
			);
			path = Buttons;
			sourceTree = "<group>";
		};
		1AFC055C26A155E40037B9B1 /* Explainer */ = {
			isa = PBXGroup;
			children = (
				1AFC055A26A153130037B9B1 /* Explainer.swift */,
				1AFC055D26A155F90037B9B1 /* ExplainerViewModel.swift */,
			);
			path = Explainer;
			sourceTree = "<group>";
		};
		7A03334D2813D53D008DCA01 /* Frameworks */ = {
			isa = PBXGroup;
			children = (
			);
			name = Frameworks;
			sourceTree = "<group>";
		};
		7A750C93283679140050B850 /* Packages */ = {
			isa = PBXGroup;
			children = (
				7A750C94283679140050B850 /* Depends */,
			);
			name = Packages;
			sourceTree = "<group>";
		};
		7AB47DB6282F522A0033B727 /* ApplicationStateStore */ = {
			isa = PBXGroup;
			children = (
				7AB47DB7282F52420033B727 /* ApplicationStateStoreProtocol.swift */,
				7AB47DB9282F53D90033B727 /* ApplicationStateStore.swift */,
			);
			path = ApplicationStateStore;
			sourceTree = "<group>";
		};
		7AB68428282FD17500C97AFC /* Onboarding */ = {
			isa = PBXGroup;
			children = (
				7AB68429282FD18000C97AFC /* OnboardingView.swift */,
				7AB6842B282FD30D00C97AFC /* OnboardingViewModel.swift */,
			);
			path = Onboarding;
			sourceTree = "<group>";
		};
/* End PBXGroup section */

/* Begin PBXNativeTarget section */
		1A6B877A26187C9400F67DE5 /* NDCalc */ = {
			isa = PBXNativeTarget;
			buildConfigurationList = 1A6B87A026187C9500F67DE5 /* Build configuration list for PBXNativeTarget "NDCalc" */;
			buildPhases = (
				1A6B877726187C9400F67DE5 /* Sources */,
				1A6B877826187C9400F67DE5 /* Frameworks */,
				1A6B877926187C9400F67DE5 /* Resources */,
				1ACB829826AD6A2700349F33 /* Swiftlint */,
				7AB68427282FC58800C97AFC /* Embed Frameworks */,
			);
			buildRules = (
			);
			dependencies = (
			);
			name = NDCalc;
			packageProductDependencies = (
				2510CAFC2873EE9500F6D8ED /* Depends */,
			);
			productName = NDCalc;
			productReference = 1A6B877B26187C9400F67DE5 /* NDCalc.app */;
			productType = "com.apple.product-type.application";
		};
		1A6B878B26187C9500F67DE5 /* NDCalcTests */ = {
			isa = PBXNativeTarget;
			buildConfigurationList = 1A6B87A326187C9500F67DE5 /* Build configuration list for PBXNativeTarget "NDCalcTests" */;
			buildPhases = (
				1A6B878826187C9500F67DE5 /* Sources */,
				1A6B878926187C9500F67DE5 /* Frameworks */,
				1A6B878A26187C9500F67DE5 /* Resources */,
				7A0333522813D542008DCA01 /* Embed Frameworks */,
			);
			buildRules = (
			);
			dependencies = (
				1A6B878E26187C9500F67DE5 /* PBXTargetDependency */,
			);
			name = NDCalcTests;
			packageProductDependencies = (
				7A03334E2813D53D008DCA01 /* CombineExpectations */,
				2510CAFE2873EE9500F6D8ED /* TestDepends-auto */,
				2510CB1B2873FBAC00F6D8ED /* BuildkiteTestCollector */,
			);
			productName = NDCalcTests;
			productReference = 1A6B878C26187C9500F67DE5 /* NDCalcTests.xctest */;
			productType = "com.apple.product-type.bundle.unit-test";
		};
/* End PBXNativeTarget section */

/* Begin PBXProject section */
		1A6B877326187C9400F67DE5 /* Project object */ = {
			isa = PBXProject;
			attributes = {
				LastSwiftUpdateCheck = 1340;
				LastUpgradeCheck = 1250;
				TargetAttributes = {
					1A6B877A26187C9400F67DE5 = {
						CreatedOnToolsVersion = 12.5;
					};
					1A6B878B26187C9500F67DE5 = {
						CreatedOnToolsVersion = 12.5;
						TestTargetID = 1A6B877A26187C9400F67DE5;
					};
				};
			};
			buildConfigurationList = 1A6B877626187C9400F67DE5 /* Build configuration list for PBXProject "NDCalc" */;
			compatibilityVersion = "Xcode 9.3";
			developmentRegion = en;
			hasScannedForEncodings = 0;
			knownRegions = (
				en,
				Base,
			);
			mainGroup = 1A6B877226187C9400F67DE5;
			packageReferences = (
				7A04C54B27E5625F00D00898 /* XCRemoteSwiftPackageReference "CombineExpectations" */,
				2510CAFB2873EE9500F6D8ED /* XCRemoteSwiftPackageReference "Depends" */,
				2510CB1A2873FBAC00F6D8ED /* XCRemoteSwiftPackageReference "test-collector-swift" */,
			);
			productRefGroup = 1A6B877C26187C9400F67DE5 /* Products */;
			projectDirPath = "";
			projectRoot = "";
			targets = (
				1A6B877A26187C9400F67DE5 /* NDCalc */,
				1A6B878B26187C9500F67DE5 /* NDCalcTests */,
			);
		};
/* End PBXProject section */

/* Begin PBXResourcesBuildPhase section */
		1A6B877926187C9400F67DE5 /* Resources */ = {
			isa = PBXResourcesBuildPhase;
			buildActionMask = 2147483647;
			files = (
				1AD7CF5B261C402E00F6C33A /* shutterSpeeds.json in Resources */,
				1A6B878626187C9500F67DE5 /* Preview Assets.xcassets in Resources */,
				1A6B878326187C9500F67DE5 /* Assets.xcassets in Resources */,
			);
			runOnlyForDeploymentPostprocessing = 0;
		};
		1A6B878A26187C9500F67DE5 /* Resources */ = {
			isa = PBXResourcesBuildPhase;
			buildActionMask = 2147483647;
			files = (
				2531BA942876B9CB00CAA9C8 /* environment.plist in Resources */,
			);
			runOnlyForDeploymentPostprocessing = 0;
		};
/* End PBXResourcesBuildPhase section */

/* Begin PBXShellScriptBuildPhase section */
		1ACB829826AD6A2700349F33 /* Swiftlint */ = {
			isa = PBXShellScriptBuildPhase;
			buildActionMask = 2147483647;
			files = (
			);
			inputFileListPaths = (
			);
			inputPaths = (
			);
			name = Swiftlint;
			outputFileListPaths = (
			);
			outputPaths = (
			);
			runOnlyForDeploymentPostprocessing = 0;
			shellPath = /bin/sh;
			shellScript = "if test -d \"/opt/homebrew/bin/\"; then\n  PATH=\"/opt/homebrew/bin/:${PATH}\"\nfi\n\nexport PATH\n\nif which swiftlint >/dev/null; then\n  swiftlint\nelse\n  echo \"warning: SwiftLint not installed, download from https://github.com/realm/SwiftLint\"\nfi\n";
		};
/* End PBXShellScriptBuildPhase section */

/* Begin PBXSourcesBuildPhase section */
		1A6B877726187C9400F67DE5 /* Sources */ = {
			isa = PBXSourcesBuildPhase;
			buildActionMask = 2147483647;
			files = (
				7AB47DB8282F52420033B727 /* ApplicationStateStoreProtocol.swift in Sources */,
				1A45764D268ECD9300C9332A /* Filter.swift in Sources */,
				1A6A28E226AA402200D53227 /* UserNotificationCenter.swift in Sources */,
				1AFC055E26A155F90037B9B1 /* ExplainerViewModel.swift in Sources */,
				1A457655268EDAA300C9332A /* HomeViewModel.swift in Sources */,
				1A077276269EAFF00096BBD6 /* SettingsView.swift in Sources */,
				1A9E0DF126A52291002A1ED4 /* CountdownControllerProtocol.swift in Sources */,
				1A07726D269E8D620096BBD6 /* PreferenceStoreProtocol.swift in Sources */,
				1AFC055926A14E3B0037B9B1 /* About.swift in Sources */,
				1A077278269EB0030096BBD6 /* SettingsViewModel.swift in Sources */,
				1AFE701C26B3D02100E74618 /* AnyOptionalProtocol.swift in Sources */,
				1A457657268EDD0B00C9332A /* HomeView.swift in Sources */,
				1A5AB73B26CBA05A00E819A7 /* ErrorAlert.swift in Sources */,
				1A9E0DF326A52307002A1ED4 /* Countdown.swift in Sources */,
				1A6B877F26187C9400F67DE5 /* NDCalcApp.swift in Sources */,
				1A457645268EBB7700C9332A /* CountdownCircleView.swift in Sources */,
				1A45765B268F1CEA00C9332A /* NotificationController.swift in Sources */,
				1A07726F269E8EA00096BBD6 /* PreferenceStore.swift in Sources */,
				7A28EBDB2802D600002DBB1D /* CountdownCircleViewModel.swift in Sources */,
				1A9E0DFB26A58B54002A1ED4 /* BundleItems.swift in Sources */,
				7AB47DBA282F53D90033B727 /* ApplicationStateStore.swift in Sources */,
				1A45764B268ECD7E00C9332A /* ShutterSpeed.swift in Sources */,
				1A5AB73726CB9F0E00E819A7 /* AppInformation.swift in Sources */,
				1A457659268F1C8200C9332A /* Date.swift in Sources */,
				7AB6842A282FD18000C97AFC /* OnboardingView.swift in Sources */,
				1A9E0DF526A524AA002A1ED4 /* CountdownController.swift in Sources */,
				1A9E0DF726A524FC002A1ED4 /* NotificationControllerProtocol.swift in Sources */,
				1AE8A171271501B100F0CC1C /* FilterPicker.swift in Sources */,
				1AE8A170271501B100F0CC1C /* ShutterSpeedPicker.swift in Sources */,
				1A077271269E8F850096BBD6 /* Constatnts.swift in Sources */,
				1AFE701A26B3CEF200E74618 /* UserDefaultWrapper.swift in Sources */,
				1AFC055B26A153130037B9B1 /* Explainer.swift in Sources */,
				1AD7CF5D261C429A00F6C33A /* Bundle-Decodable.swift in Sources */,
				1A45765E268F30C600C9332A /* Vibration.swift in Sources */,
				7AB6842C282FD30D00C97AFC /* OnboardingViewModel.swift in Sources */,
				1A457649268ECCA400C9332A /* NDButton.swift in Sources */,
				1AE8A173271501CB00F0CC1C /* PickerHeading.swift in Sources */,
				1AC7D3A726FC300900AF451E /* NDPicker.swift in Sources */,
			);
			runOnlyForDeploymentPostprocessing = 0;
		};
		1A6B878826187C9500F67DE5 /* Sources */ = {
			isa = PBXSourcesBuildPhase;
			buildActionMask = 2147483647;
			files = (
				7AAEBDE8284A0FAD002E08CD /* HomeViewModelTests.swift in Sources */,
				1A6A28DE26A971DC00D53227 /* MockNotificationController.swift in Sources */,
				1A649B0F26BCF2F80008ACF2 /* XCTestCombineAwait.swift in Sources */,
				1A6B879126187C9500F67DE5 /* NDCalcTests.swift in Sources */,
				1A6A28E026AA382900D53227 /* NotificationControllerTests.swift in Sources */,
				1A6A28E926AA560B00D53227 /* XCTestErrorAssert.swift in Sources */,
				1A6A28E626AA547100D53227 /* CountdownTests.swift in Sources */,
				7A750C8B2836563E0050B850 /* OnboardingViewModelTests.swift in Sources */,
				1A6A28EB26AA594700D53227 /* ShutterSpeedTests.swift in Sources */,
				1A6A28DB26A9719300D53227 /* CountdownControllerTests.swift in Sources */,
				1A6A28E426AA418D00D53227 /* MockUserNotificationCentre.swift in Sources */,
			);
			runOnlyForDeploymentPostprocessing = 0;
		};
/* End PBXSourcesBuildPhase section */

/* Begin PBXTargetDependency section */
		1A6B878E26187C9500F67DE5 /* PBXTargetDependency */ = {
			isa = PBXTargetDependency;
			target = 1A6B877A26187C9400F67DE5 /* NDCalc */;
			targetProxy = 1A6B878D26187C9500F67DE5 /* PBXContainerItemProxy */;
		};
/* End PBXTargetDependency section */

/* Begin XCBuildConfiguration section */
		1A6B879E26187C9500F67DE5 /* Debug */ = {
			isa = XCBuildConfiguration;
			buildSettings = {
				ALWAYS_SEARCH_USER_PATHS = NO;
				CLANG_ANALYZER_NONNULL = YES;
				CLANG_ANALYZER_NUMBER_OBJECT_CONVERSION = YES_AGGRESSIVE;
				CLANG_CXX_LANGUAGE_STANDARD = "gnu++14";
				CLANG_CXX_LIBRARY = "libc++";
				CLANG_ENABLE_MODULES = YES;
				CLANG_ENABLE_OBJC_ARC = YES;
				CLANG_ENABLE_OBJC_WEAK = YES;
				CLANG_WARN_BLOCK_CAPTURE_AUTORELEASING = YES;
				CLANG_WARN_BOOL_CONVERSION = YES;
				CLANG_WARN_COMMA = YES;
				CLANG_WARN_CONSTANT_CONVERSION = YES;
				CLANG_WARN_DEPRECATED_OBJC_IMPLEMENTATIONS = YES;
				CLANG_WARN_DIRECT_OBJC_ISA_USAGE = YES_ERROR;
				CLANG_WARN_DOCUMENTATION_COMMENTS = YES;
				CLANG_WARN_EMPTY_BODY = YES;
				CLANG_WARN_ENUM_CONVERSION = YES;
				CLANG_WARN_INFINITE_RECURSION = YES;
				CLANG_WARN_INT_CONVERSION = YES;
				CLANG_WARN_NON_LITERAL_NULL_CONVERSION = YES;
				CLANG_WARN_OBJC_IMPLICIT_RETAIN_SELF = YES;
				CLANG_WARN_OBJC_LITERAL_CONVERSION = YES;
				CLANG_WARN_OBJC_ROOT_CLASS = YES_ERROR;
				CLANG_WARN_QUOTED_INCLUDE_IN_FRAMEWORK_HEADER = YES;
				CLANG_WARN_RANGE_LOOP_ANALYSIS = YES;
				CLANG_WARN_STRICT_PROTOTYPES = YES;
				CLANG_WARN_SUSPICIOUS_MOVE = YES;
				CLANG_WARN_UNGUARDED_AVAILABILITY = YES_AGGRESSIVE;
				CLANG_WARN_UNREACHABLE_CODE = YES;
				CLANG_WARN__DUPLICATE_METHOD_MATCH = YES;
				COPY_PHASE_STRIP = NO;
				DEBUG_INFORMATION_FORMAT = dwarf;
				ENABLE_STRICT_OBJC_MSGSEND = YES;
				ENABLE_TESTABILITY = YES;
				GCC_C_LANGUAGE_STANDARD = gnu11;
				GCC_DYNAMIC_NO_PIC = NO;
				GCC_NO_COMMON_BLOCKS = YES;
				GCC_OPTIMIZATION_LEVEL = 0;
				GCC_PREPROCESSOR_DEFINITIONS = (
					"DEBUG=1",
					"$(inherited)",
				);
				GCC_WARN_64_TO_32_BIT_CONVERSION = YES;
				GCC_WARN_ABOUT_RETURN_TYPE = YES_ERROR;
				GCC_WARN_UNDECLARED_SELECTOR = YES;
				GCC_WARN_UNINITIALIZED_AUTOS = YES_AGGRESSIVE;
				GCC_WARN_UNUSED_FUNCTION = YES;
				GCC_WARN_UNUSED_VARIABLE = YES;
				IPHONEOS_DEPLOYMENT_TARGET = 15.0;
				MTL_ENABLE_DEBUG_INFO = INCLUDE_SOURCE;
				MTL_FAST_MATH = YES;
				ONLY_ACTIVE_ARCH = YES;
				SDKROOT = iphoneos;
				SWIFT_ACTIVE_COMPILATION_CONDITIONS = DEBUG;
				SWIFT_OPTIMIZATION_LEVEL = "-Onone";
			};
			name = Debug;
		};
		1A6B879F26187C9500F67DE5 /* Release */ = {
			isa = XCBuildConfiguration;
			buildSettings = {
				ALWAYS_SEARCH_USER_PATHS = NO;
				CLANG_ANALYZER_NONNULL = YES;
				CLANG_ANALYZER_NUMBER_OBJECT_CONVERSION = YES_AGGRESSIVE;
				CLANG_CXX_LANGUAGE_STANDARD = "gnu++14";
				CLANG_CXX_LIBRARY = "libc++";
				CLANG_ENABLE_MODULES = YES;
				CLANG_ENABLE_OBJC_ARC = YES;
				CLANG_ENABLE_OBJC_WEAK = YES;
				CLANG_WARN_BLOCK_CAPTURE_AUTORELEASING = YES;
				CLANG_WARN_BOOL_CONVERSION = YES;
				CLANG_WARN_COMMA = YES;
				CLANG_WARN_CONSTANT_CONVERSION = YES;
				CLANG_WARN_DEPRECATED_OBJC_IMPLEMENTATIONS = YES;
				CLANG_WARN_DIRECT_OBJC_ISA_USAGE = YES_ERROR;
				CLANG_WARN_DOCUMENTATION_COMMENTS = YES;
				CLANG_WARN_EMPTY_BODY = YES;
				CLANG_WARN_ENUM_CONVERSION = YES;
				CLANG_WARN_INFINITE_RECURSION = YES;
				CLANG_WARN_INT_CONVERSION = YES;
				CLANG_WARN_NON_LITERAL_NULL_CONVERSION = YES;
				CLANG_WARN_OBJC_IMPLICIT_RETAIN_SELF = YES;
				CLANG_WARN_OBJC_LITERAL_CONVERSION = YES;
				CLANG_WARN_OBJC_ROOT_CLASS = YES_ERROR;
				CLANG_WARN_QUOTED_INCLUDE_IN_FRAMEWORK_HEADER = YES;
				CLANG_WARN_RANGE_LOOP_ANALYSIS = YES;
				CLANG_WARN_STRICT_PROTOTYPES = YES;
				CLANG_WARN_SUSPICIOUS_MOVE = YES;
				CLANG_WARN_UNGUARDED_AVAILABILITY = YES_AGGRESSIVE;
				CLANG_WARN_UNREACHABLE_CODE = YES;
				CLANG_WARN__DUPLICATE_METHOD_MATCH = YES;
				COPY_PHASE_STRIP = NO;
				DEBUG_INFORMATION_FORMAT = "dwarf-with-dsym";
				ENABLE_NS_ASSERTIONS = NO;
				ENABLE_STRICT_OBJC_MSGSEND = YES;
				GCC_C_LANGUAGE_STANDARD = gnu11;
				GCC_NO_COMMON_BLOCKS = YES;
				GCC_WARN_64_TO_32_BIT_CONVERSION = YES;
				GCC_WARN_ABOUT_RETURN_TYPE = YES_ERROR;
				GCC_WARN_UNDECLARED_SELECTOR = YES;
				GCC_WARN_UNINITIALIZED_AUTOS = YES_AGGRESSIVE;
				GCC_WARN_UNUSED_FUNCTION = YES;
				GCC_WARN_UNUSED_VARIABLE = YES;
				IPHONEOS_DEPLOYMENT_TARGET = 15.0;
				MTL_ENABLE_DEBUG_INFO = NO;
				MTL_FAST_MATH = YES;
				SDKROOT = iphoneos;
				SWIFT_COMPILATION_MODE = wholemodule;
				SWIFT_OPTIMIZATION_LEVEL = "-O";
				VALIDATE_PRODUCT = YES;
			};
			name = Release;
		};
		1A6B87A126187C9500F67DE5 /* Debug */ = {
			isa = XCBuildConfiguration;
			buildSettings = {
				ASSETCATALOG_COMPILER_APPICON_NAME = AppIcon;
				ASSETCATALOG_COMPILER_GLOBAL_ACCENT_COLOR_NAME = AccentColor;
				CODE_SIGN_IDENTITY = "Apple Development";
				CODE_SIGN_STYLE = Automatic;
				CURRENT_PROJECT_VERSION = 4;
				DEVELOPMENT_ASSET_PATHS = "\"NDCalc/Preview Content\"";
				DEVELOPMENT_TEAM = R98CCK63WA;
				ENABLE_PREVIEWS = YES;
				INFOPLIST_FILE = NDCalc/Info.plist;
				IPHONEOS_DEPLOYMENT_TARGET = 15.0;
				LD_RUNPATH_SEARCH_PATHS = (
					"$(inherited)",
					"@executable_path/Frameworks",
				);
				MARKETING_VERSION = 0.4;
				PRODUCT_BUNDLE_IDENTIFIER = dev.thetrex.NDCalc;
				PRODUCT_NAME = "$(TARGET_NAME)";
				PROVISIONING_PROFILE_SPECIFIER = "";
				SWIFT_PRECOMPILE_BRIDGING_HEADER = YES;
				SWIFT_VERSION = 5.0;
				TARGETED_DEVICE_FAMILY = 1;
			};
			name = Debug;
		};
		1A6B87A226187C9500F67DE5 /* Release */ = {
			isa = XCBuildConfiguration;
			buildSettings = {
				ASSETCATALOG_COMPILER_APPICON_NAME = AppIcon;
				ASSETCATALOG_COMPILER_GLOBAL_ACCENT_COLOR_NAME = AccentColor;
				CODE_SIGN_IDENTITY = "Apple Development";
				CODE_SIGN_STYLE = Automatic;
				CURRENT_PROJECT_VERSION = 4;
				DEVELOPMENT_ASSET_PATHS = "\"NDCalc/Preview Content\"";
				DEVELOPMENT_TEAM = R98CCK63WA;
				ENABLE_PREVIEWS = YES;
				INFOPLIST_FILE = NDCalc/Info.plist;
				IPHONEOS_DEPLOYMENT_TARGET = 15.0;
				LD_RUNPATH_SEARCH_PATHS = (
					"$(inherited)",
					"@executable_path/Frameworks",
				);
				MARKETING_VERSION = 0.4;
				PRODUCT_BUNDLE_IDENTIFIER = dev.thetrex.NDCalc;
				PRODUCT_NAME = "$(TARGET_NAME)";
				PROVISIONING_PROFILE_SPECIFIER = "";
				SWIFT_PRECOMPILE_BRIDGING_HEADER = YES;
				SWIFT_VERSION = 5.0;
				TARGETED_DEVICE_FAMILY = 1;
			};
			name = Release;
		};
		1A6B87A426187C9500F67DE5 /* Debug */ = {
			isa = XCBuildConfiguration;
			buildSettings = {
				ALWAYS_EMBED_SWIFT_STANDARD_LIBRARIES = YES;
				BUNDLE_LOADER = "$(TEST_HOST)";
				CODE_SIGN_STYLE = Automatic;
				DEVELOPMENT_TEAM = R98CCK63WA;
				INFOPLIST_FILE = NDCalcTests/Info.plist;
				IPHONEOS_DEPLOYMENT_TARGET = 15.0;
				LD_RUNPATH_SEARCH_PATHS = (
					"$(inherited)",
					"@executable_path/Frameworks",
					"@loader_path/Frameworks",
				);
				PRODUCT_BUNDLE_IDENTIFIER = dev.thetrex.NDCalcTests;
				PRODUCT_NAME = "$(TARGET_NAME)";
				SWIFT_VERSION = 5.0;
				TARGETED_DEVICE_FAMILY = "1,2";
				TEST_HOST = "$(BUILT_PRODUCTS_DIR)/NDCalc.app/NDCalc";
			};
			name = Debug;
		};
		1A6B87A526187C9500F67DE5 /* Release */ = {
			isa = XCBuildConfiguration;
			buildSettings = {
				ALWAYS_EMBED_SWIFT_STANDARD_LIBRARIES = YES;
				BUNDLE_LOADER = "$(TEST_HOST)";
				CODE_SIGN_STYLE = Automatic;
				DEVELOPMENT_TEAM = R98CCK63WA;
				INFOPLIST_FILE = NDCalcTests/Info.plist;
				IPHONEOS_DEPLOYMENT_TARGET = 15.0;
				LD_RUNPATH_SEARCH_PATHS = (
					"$(inherited)",
					"@executable_path/Frameworks",
					"@loader_path/Frameworks",
				);
				PRODUCT_BUNDLE_IDENTIFIER = dev.thetrex.NDCalcTests;
				PRODUCT_NAME = "$(TARGET_NAME)";
				SWIFT_VERSION = 5.0;
				TARGETED_DEVICE_FAMILY = "1,2";
				TEST_HOST = "$(BUILT_PRODUCTS_DIR)/NDCalc.app/NDCalc";
			};
			name = Release;
		};
/* End XCBuildConfiguration section */

/* Begin XCConfigurationList section */
		1A6B877626187C9400F67DE5 /* Build configuration list for PBXProject "NDCalc" */ = {
			isa = XCConfigurationList;
			buildConfigurations = (
				1A6B879E26187C9500F67DE5 /* Debug */,
				1A6B879F26187C9500F67DE5 /* Release */,
			);
			defaultConfigurationIsVisible = 0;
			defaultConfigurationName = Release;
		};
		1A6B87A026187C9500F67DE5 /* Build configuration list for PBXNativeTarget "NDCalc" */ = {
			isa = XCConfigurationList;
			buildConfigurations = (
				1A6B87A126187C9500F67DE5 /* Debug */,
				1A6B87A226187C9500F67DE5 /* Release */,
			);
			defaultConfigurationIsVisible = 0;
			defaultConfigurationName = Release;
		};
		1A6B87A326187C9500F67DE5 /* Build configuration list for PBXNativeTarget "NDCalcTests" */ = {
			isa = XCConfigurationList;
			buildConfigurations = (
				1A6B87A426187C9500F67DE5 /* Debug */,
				1A6B87A526187C9500F67DE5 /* Release */,
			);
			defaultConfigurationIsVisible = 0;
			defaultConfigurationName = Release;
		};
/* End XCConfigurationList section */

/* Begin XCRemoteSwiftPackageReference section */
		2510CAFB2873EE9500F6D8ED /* XCRemoteSwiftPackageReference "Depends" */ = {
			isa = XCRemoteSwiftPackageReference;
			repositoryURL = "https://github.com/unsignedapps/Depends";
			requirement = {
				kind = upToNextMajorVersion;
				minimumVersion = 0.0.1;
			};
		};
		2510CB1A2873FBAC00F6D8ED /* XCRemoteSwiftPackageReference "test-collector-swift" */ = {
			isa = XCRemoteSwiftPackageReference;
			repositoryURL = "https://github.com/buildkite/test-collector-swift";
			requirement = {
				branch = xcode-cloud-support;
				kind = branch;
			};
		};
		7A04C54B27E5625F00D00898 /* XCRemoteSwiftPackageReference "CombineExpectations" */ = {
			isa = XCRemoteSwiftPackageReference;
			repositoryURL = "https://github.com/groue/CombineExpectations";
			requirement = {
				branch = master;
				kind = branch;
			};
		};
/* End XCRemoteSwiftPackageReference section */

/* Begin XCSwiftPackageProductDependency section */
		2510CAFC2873EE9500F6D8ED /* Depends */ = {
			isa = XCSwiftPackageProductDependency;
			package = 2510CAFB2873EE9500F6D8ED /* XCRemoteSwiftPackageReference "Depends" */;
			productName = Depends;
		};
		2510CAFE2873EE9500F6D8ED /* TestDepends-auto */ = {
			isa = XCSwiftPackageProductDependency;
			package = 2510CAFB2873EE9500F6D8ED /* XCRemoteSwiftPackageReference "Depends" */;
			productName = "TestDepends-auto";
		};
		2510CB1B2873FBAC00F6D8ED /* BuildkiteTestCollector */ = {
			isa = XCSwiftPackageProductDependency;
			package = 2510CB1A2873FBAC00F6D8ED /* XCRemoteSwiftPackageReference "test-collector-swift" */;
			productName = BuildkiteTestCollector;
		};
		7A03334E2813D53D008DCA01 /* CombineExpectations */ = {
			isa = XCSwiftPackageProductDependency;
			package = 7A04C54B27E5625F00D00898 /* XCRemoteSwiftPackageReference "CombineExpectations" */;
			productName = CombineExpectations;
		};
/* End XCSwiftPackageProductDependency section */
	};
	rootObject = 1A6B877326187C9400F67DE5 /* Project object */;
}
